
Microsoft Visual Studio Solution File, Format Version 12.00
# Visual Studio 15
VisualStudioVersion = 15.0.26711.1
MinimumVisualStudioVersion = 10.0.40219.1
Project("{2150E333-8FDC-42A3-9474-1A3956D46DE8}") = "CommunicationPatterns", "CommunicationPatterns", "{8BB037B8-E567-4C75-9A2F-5B4DE3AD212C}"
EndProject
Project("{2150E333-8FDC-42A3-9474-1A3956D46DE8}") = "APIDefinition", "APIDefinition", "{4411C32D-934C-4482-9B66-2A5DA4CD9F82}"
EndProject
Project("{2150E333-8FDC-42A3-9474-1A3956D46DE8}") = "grpc", "grpc", "{05474462-A6CE-4E1F-A191-80895D63CFC4}"
EndProject
Project("{FAE04EC0-301F-11D3-BF4B-00C04F79EFBC}") = "Greeter", "CommunicationPatterns\grpchelloworld\Greeter\Greeter.csproj", "{724DFC8C-4B57-4C3F-811C-0463BE2A2829}"
EndProject
Project("{FAE04EC0-301F-11D3-BF4B-00C04F79EFBC}") = "GreeterServer", "CommunicationPatterns\grpchelloworld\GreeterServer\GreeterServer.csproj", "{A7706C84-92D2-4B7A-B779-76B64D2950EC}"
EndProject
Project("{FAE04EC0-301F-11D3-BF4B-00C04F79EFBC}") = "GreeterClient", "CommunicationPatterns\grpchelloworld\GreeterClient\GreeterClient.csproj", "{ACCF4597-3748-4117-8633-1CB767F8CCC3}"
EndProject
Project("{2150E333-8FDC-42A3-9474-1A3956D46DE8}") = "swagger", "swagger", "{10426D9A-1A4C-4D71-9BE1-1FE084968CD6}"
EndProject
Project("{9A19103F-16F7-4668-BE54-9A1E7A4F7556}") = "swagger", "CommunicationPatterns\swagger\swagger.csproj", "{FF0C544B-1B53-4732-B1F5-E0A0BA602F83}"
EndProject
Project("{2150E333-8FDC-42A3-9474-1A3956D46DE8}") = "Synchronous Communication", "Synchronous Communication", "{7C9A23D2-A331-4858-B6D2-DE7C8C6FBF5E}"
EndProject
Project("{FAE04EC0-301F-11D3-BF4B-00C04F79EFBC}") = "RetryWithPolly", "RetryWithPolly\RetryWithPolly.csproj", "{88AF637F-1093-4342-B802-12314986E25A}"
EndProject
Project("{FAE04EC0-301F-11D3-BF4B-00C04F79EFBC}") = "CircuitBreakerWithPolly", "CircuitBreakerWithPolly\CircuitBreakerWithPolly.csproj", "{9451AEF6-C700-4F40-827C-89784CBC73DC}"
EndProject
Project("{2150E333-8FDC-42A3-9474-1A3956D46DE8}") = "Messaging", "Messaging", "{C7EF878E-5D01-4409-9BF2-24FD09FD87AC}"
EndProject
Project("{9A19103F-16F7-4668-BE54-9A1E7A4F7556}") = "MT.Hello.Client", "MassTransitHelloWorld\MT.Hello.Client.csproj", "{B09D2BF0-E78F-492D-8B0B-EF2ED2D1A2A5}"
EndProject
Project("{2150E333-8FDC-42A3-9474-1A3956D46DE8}") = "MassTransitHelloWorlde", "MassTransitHelloWorlde", "{4E41B66F-E759-46E7-9F52-B7EBCD93FF21}"
EndProject
Project("{9A19103F-16F7-4668-BE54-9A1E7A4F7556}") = "MT.Hello.Server", "Server\MT.Hello.Server.csproj", "{A13E7FDD-08C0-48C3-9594-EE63FD459548}"
EndProject
Project("{2150E333-8FDC-42A3-9474-1A3956D46DE8}") = "Scripts", "Scripts", "{BED021B2-B031-45F1-B171-753407873DBC}"
	ProjectSection(SolutionItems) = preProject
		scripts\ServiceBus.ps = scripts\ServiceBus.ps
	EndProjectSection
EndProject
Project("{9A19103F-16F7-4668-BE54-9A1E7A4F7556}") = "MT.Hello.Contracts", "Contracts\MT.Hello.Contracts.csproj", "{44DAE402-A1A9-45D7-A2AA-8331A20776D7}"
EndProject
Project("{2150E333-8FDC-42A3-9474-1A3956D46DE8}") = "MassTransitServiceBus", "MassTransitServiceBus", "{B21CFC4A-E871-4EC0-AE3D-FC2847F61953}"
EndProject
Project("{FAE04EC0-301F-11D3-BF4B-00C04F79EFBC}") = "MT.ServiceBus.Client", "MT.ServiceBus.Client\MT.ServiceBus.Client.csproj", "{2F40865A-D258-4F39-BC88-61BD1EC68C91}"
EndProject
Project("{FAE04EC0-301F-11D3-BF4B-00C04F79EFBC}") = "MT.ServiceBus.Server", "MT.ServiceBus.Server\MT.ServiceBus.Server.csproj", "{35B30201-BC7D-4B97-AAF3-4F9EE5BEEB2D}"
EndProject
Project("{2150E333-8FDC-42A3-9474-1A3956D46DE8}") = "Saga", "Saga", "{92A00998-2A9D-46DF-96DD-44970855A3CE}"
EndProject
Global
	GlobalSection(SolutionConfigurationPlatforms) = preSolution
		Debug|Any CPU = Debug|Any CPU
		Release|Any CPU = Release|Any CPU
	EndGlobalSection
	GlobalSection(ProjectConfigurationPlatforms) = postSolution
		{724DFC8C-4B57-4C3F-811C-0463BE2A2829}.Debug|Any CPU.ActiveCfg = Debug|Any CPU
		{724DFC8C-4B57-4C3F-811C-0463BE2A2829}.Debug|Any CPU.Build.0 = Debug|Any CPU
		{724DFC8C-4B57-4C3F-811C-0463BE2A2829}.Release|Any CPU.ActiveCfg = Release|Any CPU
		{724DFC8C-4B57-4C3F-811C-0463BE2A2829}.Release|Any CPU.Build.0 = Release|Any CPU
		{A7706C84-92D2-4B7A-B779-76B64D2950EC}.Debug|Any CPU.ActiveCfg = Debug|Any CPU
		{A7706C84-92D2-4B7A-B779-76B64D2950EC}.Debug|Any CPU.Build.0 = Debug|Any CPU
		{A7706C84-92D2-4B7A-B779-76B64D2950EC}.Release|Any CPU.ActiveCfg = Release|Any CPU
		{A7706C84-92D2-4B7A-B779-76B64D2950EC}.Release|Any CPU.Build.0 = Release|Any CPU
		{ACCF4597-3748-4117-8633-1CB767F8CCC3}.Debug|Any CPU.ActiveCfg = Debug|Any CPU
		{ACCF4597-3748-4117-8633-1CB767F8CCC3}.Debug|Any CPU.Build.0 = Debug|Any CPU
		{ACCF4597-3748-4117-8633-1CB767F8CCC3}.Release|Any CPU.ActiveCfg = Release|Any CPU
		{ACCF4597-3748-4117-8633-1CB767F8CCC3}.Release|Any CPU.Build.0 = Release|Any CPU
		{FF0C544B-1B53-4732-B1F5-E0A0BA602F83}.Debug|Any CPU.ActiveCfg = Debug|Any CPU
		{FF0C544B-1B53-4732-B1F5-E0A0BA602F83}.Debug|Any CPU.Build.0 = Debug|Any CPU
		{FF0C544B-1B53-4732-B1F5-E0A0BA602F83}.Release|Any CPU.ActiveCfg = Release|Any CPU
		{FF0C544B-1B53-4732-B1F5-E0A0BA602F83}.Release|Any CPU.Build.0 = Release|Any CPU
		{88AF637F-1093-4342-B802-12314986E25A}.Debug|Any CPU.ActiveCfg = Debug|Any CPU
		{88AF637F-1093-4342-B802-12314986E25A}.Debug|Any CPU.Build.0 = Debug|Any CPU
		{88AF637F-1093-4342-B802-12314986E25A}.Release|Any CPU.ActiveCfg = Release|Any CPU
		{88AF637F-1093-4342-B802-12314986E25A}.Release|Any CPU.Build.0 = Release|Any CPU
		{9451AEF6-C700-4F40-827C-89784CBC73DC}.Debug|Any CPU.ActiveCfg = Debug|Any CPU
		{9451AEF6-C700-4F40-827C-89784CBC73DC}.Debug|Any CPU.Build.0 = Debug|Any CPU
		{9451AEF6-C700-4F40-827C-89784CBC73DC}.Release|Any CPU.ActiveCfg = Release|Any CPU
		{9451AEF6-C700-4F40-827C-89784CBC73DC}.Release|Any CPU.Build.0 = Release|Any CPU
		{B09D2BF0-E78F-492D-8B0B-EF2ED2D1A2A5}.Debug|Any CPU.ActiveCfg = Debug|Any CPU
		{B09D2BF0-E78F-492D-8B0B-EF2ED2D1A2A5}.Debug|Any CPU.Build.0 = Debug|Any CPU
		{B09D2BF0-E78F-492D-8B0B-EF2ED2D1A2A5}.Release|Any CPU.ActiveCfg = Release|Any CPU
		{B09D2BF0-E78F-492D-8B0B-EF2ED2D1A2A5}.Release|Any CPU.Build.0 = Release|Any CPU
		{A13E7FDD-08C0-48C3-9594-EE63FD459548}.Debug|Any CPU.ActiveCfg = Debug|Any CPU
		{A13E7FDD-08C0-48C3-9594-EE63FD459548}.Debug|Any CPU.Build.0 = Debug|Any CPU
		{A13E7FDD-08C0-48C3-9594-EE63FD459548}.Release|Any CPU.ActiveCfg = Release|Any CPU
		{A13E7FDD-08C0-48C3-9594-EE63FD459548}.Release|Any CPU.Build.0 = Release|Any CPU
		{44DAE402-A1A9-45D7-A2AA-8331A20776D7}.Debug|Any CPU.ActiveCfg = Debug|Any CPU
		{44DAE402-A1A9-45D7-A2AA-8331A20776D7}.Debug|Any CPU.Build.0 = Debug|Any CPU
		{44DAE402-A1A9-45D7-A2AA-8331A20776D7}.Release|Any CPU.ActiveCfg = Release|Any CPU
		{44DAE402-A1A9-45D7-A2AA-8331A20776D7}.Release|Any CPU.Build.0 = Release|Any CPU
		{2F40865A-D258-4F39-BC88-61BD1EC68C91}.Debug|Any CPU.ActiveCfg = Debug|Any CPU
		{2F40865A-D258-4F39-BC88-61BD1EC68C91}.Debug|Any CPU.Build.0 = Debug|Any CPU
		{2F40865A-D258-4F39-BC88-61BD1EC68C91}.Release|Any CPU.ActiveCfg = Release|Any CPU
		{2F40865A-D258-4F39-BC88-61BD1EC68C91}.Release|Any CPU.Build.0 = Release|Any CPU
		{35B30201-BC7D-4B97-AAF3-4F9EE5BEEB2D}.Debug|Any CPU.ActiveCfg = Debug|Any CPU
		{35B30201-BC7D-4B97-AAF3-4F9EE5BEEB2D}.Debug|Any CPU.Build.0 = Debug|Any CPU
		{35B30201-BC7D-4B97-AAF3-4F9EE5BEEB2D}.Release|Any CPU.ActiveCfg = Release|Any CPU
		{35B30201-BC7D-4B97-AAF3-4F9EE5BEEB2D}.Release|Any CPU.Build.0 = Release|Any CPU
	EndGlobalSection
	GlobalSection(SolutionProperties) = preSolution
		HideSolutionNode = FALSE
	EndGlobalSection
	GlobalSection(NestedProjects) = preSolution
		{4411C32D-934C-4482-9B66-2A5DA4CD9F82} = {8BB037B8-E567-4C75-9A2F-5B4DE3AD212C}
		{05474462-A6CE-4E1F-A191-80895D63CFC4} = {4411C32D-934C-4482-9B66-2A5DA4CD9F82}
		{724DFC8C-4B57-4C3F-811C-0463BE2A2829} = {05474462-A6CE-4E1F-A191-80895D63CFC4}
		{A7706C84-92D2-4B7A-B779-76B64D2950EC} = {05474462-A6CE-4E1F-A191-80895D63CFC4}
		{ACCF4597-3748-4117-8633-1CB767F8CCC3} = {05474462-A6CE-4E1F-A191-80895D63CFC4}
		{10426D9A-1A4C-4D71-9BE1-1FE084968CD6} = {4411C32D-934C-4482-9B66-2A5DA4CD9F82}
		{FF0C544B-1B53-4732-B1F5-E0A0BA602F83} = {10426D9A-1A4C-4D71-9BE1-1FE084968CD6}
		{7C9A23D2-A331-4858-B6D2-DE7C8C6FBF5E} = {8BB037B8-E567-4C75-9A2F-5B4DE3AD212C}
		{88AF637F-1093-4342-B802-12314986E25A} = {7C9A23D2-A331-4858-B6D2-DE7C8C6FBF5E}
		{9451AEF6-C700-4F40-827C-89784CBC73DC} = {7C9A23D2-A331-4858-B6D2-DE7C8C6FBF5E}
		{C7EF878E-5D01-4409-9BF2-24FD09FD87AC} = {8BB037B8-E567-4C75-9A2F-5B4DE3AD212C}
		{B09D2BF0-E78F-492D-8B0B-EF2ED2D1A2A5} = {4E41B66F-E759-46E7-9F52-B7EBCD93FF21}
		{4E41B66F-E759-46E7-9F52-B7EBCD93FF21} = {C7EF878E-5D01-4409-9BF2-24FD09FD87AC}
		{A13E7FDD-08C0-48C3-9594-EE63FD459548} = {4E41B66F-E759-46E7-9F52-B7EBCD93FF21}
		{44DAE402-A1A9-45D7-A2AA-8331A20776D7} = {4E41B66F-E759-46E7-9F52-B7EBCD93FF21}
		{B21CFC4A-E871-4EC0-AE3D-FC2847F61953} = {C7EF878E-5D01-4409-9BF2-24FD09FD87AC}
		{2F40865A-D258-4F39-BC88-61BD1EC68C91} = {B21CFC4A-E871-4EC0-AE3D-FC2847F61953}
		{35B30201-BC7D-4B97-AAF3-4F9EE5BEEB2D} = {B21CFC4A-E871-4EC0-AE3D-FC2847F61953}
		{92A00998-2A9D-46DF-96DD-44970855A3CE} = {8BB037B8-E567-4C75-9A2F-5B4DE3AD212C}
	EndGlobalSection
	GlobalSection(ExtensibilityGlobals) = postSolution
		SolutionGuid = {D3735870-EF7F-4BFF-AA97-667338FDCC20}
	EndGlobalSection
	GlobalSection(MonoDevelopProperties) = preSolution
		StartupItem = Greeter\Greeter.csproj
	EndGlobalSection
EndGlobal
