
Microsoft Visual Studio Solution File, Format Version 12.00
# Visual Studio 15
VisualStudioVersion = 15.0.26906.1
MinimumVisualStudioVersion = 10.0.40219.1
Project("{2150E333-8FDC-42A3-9474-1A3956D46DE8}") = "CommunicationPatterns", "CommunicationPatterns", "{8BB037B8-E567-4C75-9A2F-5B4DE3AD212C}"
EndProject
Project("{2150E333-8FDC-42A3-9474-1A3956D46DE8}") = "APIDefinition", "APIDefinition", "{4411C32D-934C-4482-9B66-2A5DA4CD9F82}"
EndProject
Project("{2150E333-8FDC-42A3-9474-1A3956D46DE8}") = "grpc", "grpc", "{05474462-A6CE-4E1F-A191-80895D63CFC4}"
EndProject
Project("{FAE04EC0-301F-11D3-BF4B-00C04F79EFBC}") = "Greeter", "CommunicationPatterns\grpchelloworld\Greeter\Greeter.csproj", "{724DFC8C-4B57-4C3F-811C-0463BE2A2829}"
EndProject
Project("{FAE04EC0-301F-11D3-BF4B-00C04F79EFBC}") = "GreeterServer", "CommunicationPatterns\grpchelloworld\GreeterServer\GreeterServer.csproj", "{A7706C84-92D2-4B7A-B779-76B64D2950EC}"
EndProject
Project("{FAE04EC0-301F-11D3-BF4B-00C04F79EFBC}") = "GreeterClient", "CommunicationPatterns\grpchelloworld\GreeterClient\GreeterClient.csproj", "{ACCF4597-3748-4117-8633-1CB767F8CCC3}"
EndProject
Project("{2150E333-8FDC-42A3-9474-1A3956D46DE8}") = "swagger", "swagger", "{10426D9A-1A4C-4D71-9BE1-1FE084968CD6}"
EndProject
Project("{9A19103F-16F7-4668-BE54-9A1E7A4F7556}") = "swagger", "CommunicationPatterns\swagger\swagger.csproj", "{FF0C544B-1B53-4732-B1F5-E0A0BA602F83}"
EndProject
Project("{2150E333-8FDC-42A3-9474-1A3956D46DE8}") = "Synchronous Communication", "Synchronous Communication", "{7C9A23D2-A331-4858-B6D2-DE7C8C6FBF5E}"
EndProject
Project("{FAE04EC0-301F-11D3-BF4B-00C04F79EFBC}") = "RetryWithPolly", "RetryWithPolly\RetryWithPolly.csproj", "{88AF637F-1093-4342-B802-12314986E25A}"
EndProject
Project("{FAE04EC0-301F-11D3-BF4B-00C04F79EFBC}") = "CircuitBreakerWithPolly", "CircuitBreakerWithPolly\CircuitBreakerWithPolly.csproj", "{9451AEF6-C700-4F40-827C-89784CBC73DC}"
EndProject
Project("{2150E333-8FDC-42A3-9474-1A3956D46DE8}") = "Messaging", "Messaging", "{C7EF878E-5D01-4409-9BF2-24FD09FD87AC}"
EndProject
Project("{9A19103F-16F7-4668-BE54-9A1E7A4F7556}") = "MT.Hello.Client", "MassTransitHelloWorld\MT.Hello.Client.csproj", "{B09D2BF0-E78F-492D-8B0B-EF2ED2D1A2A5}"
EndProject
Project("{2150E333-8FDC-42A3-9474-1A3956D46DE8}") = "MassTransitHelloWorlde", "MassTransitHelloWorlde", "{4E41B66F-E759-46E7-9F52-B7EBCD93FF21}"
EndProject
Project("{9A19103F-16F7-4668-BE54-9A1E7A4F7556}") = "MT.Hello.Server", "Server\MT.Hello.Server.csproj", "{A13E7FDD-08C0-48C3-9594-EE63FD459548}"
EndProject
Project("{2150E333-8FDC-42A3-9474-1A3956D46DE8}") = "Scripts", "Scripts", "{BED021B2-B031-45F1-B171-753407873DBC}"
	ProjectSection(SolutionItems) = preProject
		scripts\ServiceBus.ps = scripts\ServiceBus.ps
	EndProjectSection
EndProject
Project("{9A19103F-16F7-4668-BE54-9A1E7A4F7556}") = "MT.Hello.Contracts", "Contracts\MT.Hello.Contracts.csproj", "{44DAE402-A1A9-45D7-A2AA-8331A20776D7}"
EndProject
Project("{2150E333-8FDC-42A3-9474-1A3956D46DE8}") = "MassTransitServiceBus", "MassTransitServiceBus", "{B21CFC4A-E871-4EC0-AE3D-FC2847F61953}"
EndProject
Project("{9A19103F-16F7-4668-BE54-9A1E7A4F7556}") = "MT.ServiceBus.Client", "MT.ServiceBus.Client\MT.ServiceBus.Client.csproj", "{2F40865A-D258-4F39-BC88-61BD1EC68C91}"
EndProject
Project("{FAE04EC0-301F-11D3-BF4B-00C04F79EFBC}") = "MT.ServiceBus.Server", "MT.ServiceBus.Server\MT.ServiceBus.Server.csproj", "{35B30201-BC7D-4B97-AAF3-4F9EE5BEEB2D}"
EndProject
Project("{2150E333-8FDC-42A3-9474-1A3956D46DE8}") = "Saga", "Saga", "{92A00998-2A9D-46DF-96DD-44970855A3CE}"
EndProject
Project("{FAE04EC0-301F-11D3-BF4B-00C04F79EFBC}") = "Shopping.Contracts", "Saga\Shopping.Contracts\Shopping.Contracts.csproj", "{A185AFFD-7430-422B-A096-61C107E32037}"
EndProject
Project("{FAE04EC0-301F-11D3-BF4B-00C04F79EFBC}") = "CartTracking", "Saga\CartTracking\CartTracking.csproj", "{46CAB4FC-A0CF-4565-8D96-440F10AACA4B}"
EndProject
Project("{FAE04EC0-301F-11D3-BF4B-00C04F79EFBC}") = "TrackingService", "Saga\TrackingService\TrackingService.csproj", "{9E99A253-025F-4BBB-8F65-FC1E444148C8}"
EndProject
Project("{FAE04EC0-301F-11D3-BF4B-00C04F79EFBC}") = "Shopping.Web", "Saga\Shopping.Web\Shopping.Web.csproj", "{F68BE46B-D368-48E6-8637-D9D166169CAD}"
EndProject
Project("{2150E333-8FDC-42A3-9474-1A3956D46DE8}") = "ServiceBus", "ServiceBus", "{D832FCD0-FCF9-4973-83A5-4F4286E09093}"
EndProject
Project("{2150E333-8FDC-42A3-9474-1A3956D46DE8}") = "1. Getting Started with Queues", "1. Getting Started with Queues", "{0BB1FD10-575F-4501-AF1F-731A49801E55}"
EndProject
Project("{2150E333-8FDC-42A3-9474-1A3956D46DE8}") = "2. Dead Letter Queue", "2. Dead Letter Queue", "{66347BC9-49A3-48A8-A95E-F8501C6260B1}"
EndProject
Project("{2150E333-8FDC-42A3-9474-1A3956D46DE8}") = "3. Getting Started with Topics", "3. Getting Started with Topics", "{3816253E-8D1C-45A4-B6AD-951AC54BA538}"
EndProject
Project("{2150E333-8FDC-42A3-9474-1A3956D46DE8}") = "4. Getting Started with Relay", "4. Getting Started with Relay", "{0A2CF3BC-F054-4B77-A51E-AAD46A7BCCD6}"
EndProject
Project("{2150E333-8FDC-42A3-9474-1A3956D46DE8}") = "5. Duplicate Message Detection", "5. Duplicate Message Detection", "{1AD69146-285C-40CD-9FBE-3B4D618A2334}"
EndProject
Project("{2150E333-8FDC-42A3-9474-1A3956D46DE8}") = "6. Session Messages", "6. Session Messages", "{5BA3EAA0-7122-4A51-B25F-A8605DEF6ABA}"
EndProject
Project("{2150E333-8FDC-42A3-9474-1A3956D46DE8}") = "7. Transactions", "7. Transactions", "{E12812A0-7DE7-4D20-93FB-3F7CCE613AAE}"
EndProject
Project("{2150E333-8FDC-42A3-9474-1A3956D46DE8}") = "8. Shared Access Signatures", "8. Shared Access Signatures", "{50FDCE02-0B55-47F9-BF77-0AB4A2821D41}"
EndProject
Project("{2150E333-8FDC-42A3-9474-1A3956D46DE8}") = "9. Event Hubs", "9. Event Hubs", "{40514749-A2DD-4227-AF32-200FC5998B94}"
EndProject
Project("{FAE04EC0-301F-11D3-BF4B-00C04F79EFBC}") = "MessagingWithQueues", "ServiceBus\1. Getting Started with Queues\C#\MessagingWithQueues\MessagingWithQueues.csproj", "{247F0154-3F6B-409B-BEBA-1BF9302D3B9E}"
EndProject
Project("{FAE04EC0-301F-11D3-BF4B-00C04F79EFBC}") = "Sender", "ServiceBus\2. Dead Letter Queue\C#\Sender\Sender.csproj", "{9F78C49A-31BF-48C1-9A51-046C1D068F81}"
EndProject
Project("{FAE04EC0-301F-11D3-BF4B-00C04F79EFBC}") = "Receiver", "ServiceBus\2. Dead Letter Queue\C#\Receiver\Receiver.csproj", "{AE7AF0E7-5365-446E-A7ED-7C2DB65760FF}"
EndProject
Project("{2150E333-8FDC-42A3-9474-1A3956D46DE8}") = "Solution Items", "Solution Items", "{573F060F-20A2-4D2A-95DD-0CF86DEBA9F3}"
	ProjectSection(SolutionItems) = preProject
		ServiceBus\2. Dead Letter Queue\C#\Readme.htm = ServiceBus\2. Dead Letter Queue\C#\Readme.htm
		ServiceBus\4. Getting Started with Relay\C#\Readme.htm = ServiceBus\4. Getting Started with Relay\C#\Readme.htm
		ServiceBus\7. Transactions\C#\Readme.htm = ServiceBus\7. Transactions\C#\Readme.htm
		ServiceBus\8. Shared Access Signatures\C#\Readme.htm = ServiceBus\8. Shared Access Signatures\C#\Readme.htm
	EndProjectSection
EndProject
Project("{FAE04EC0-301F-11D3-BF4B-00C04F79EFBC}") = "MessagingWithTopics", "ServiceBus\3. Getting Started with Topics\C#\MessagingWithTopics\MessagingWithTopics.csproj", "{0EDDCDEF-FAFD-41ED-B134-A09BB5091A27}"
EndProject
Project("{FAE04EC0-301F-11D3-BF4B-00C04F79EFBC}") = "Service", "ServiceBus\4. Getting Started with Relay\C#\Service\Service.csproj", "{27CF1BE6-0280-46F8-BB19-BC7147E02B6A}"
EndProject
Project("{FAE04EC0-301F-11D3-BF4B-00C04F79EFBC}") = "Client", "ServiceBus\4. Getting Started with Relay\C#\Client\Client.csproj", "{3BFACE4B-B4A5-42FC-A029-62F42B3B82B8}"
EndProject
Project("{FAE04EC0-301F-11D3-BF4B-00C04F79EFBC}") = "DuplicateDetection", "ServiceBus\5. Duplicate Message Detection\C#\DuplicateDetection.csproj", "{C0705BFD-2855-4753-83FA-0CB17C3AE5E6}"
EndProject
Project("{FAE04EC0-301F-11D3-BF4B-00C04F79EFBC}") = "SampleManager", "ServiceBus\6. Session Messages\C#\SampleManager\SampleManager.csproj", "{9A59D775-B108-47B6-826A-584EFFED29BA}"
EndProject
Project("{FAE04EC0-301F-11D3-BF4B-00C04F79EFBC}") = "Receiver", "ServiceBus\6. Session Messages\C#\Receiver\Receiver.csproj", "{6A6D175D-22D8-4AF7-9311-EA029FF2A73F}"
EndProject
Project("{FAE04EC0-301F-11D3-BF4B-00C04F79EFBC}") = "Sender", "ServiceBus\6. Session Messages\C#\Sender\Sender.csproj", "{1D24A8EE-B221-48DF-B494-37AEDCF411E0}"
EndProject
Project("{FAE04EC0-301F-11D3-BF4B-00C04F79EFBC}") = "Transactions", "ServiceBus\7. Transactions\C#\Transactions.csproj", "{636A3ADE-4A42-460D-84EC-F7BD1A24A042}"
EndProject
Project("{FAE04EC0-301F-11D3-BF4B-00C04F79EFBC}") = "Service", "ServiceBus\8. Shared Access Signatures\C#\Service\Service.csproj", "{A79D70C8-F98F-4A6A-A8CC-E2802BD60E06}"
EndProject
Project("{FAE04EC0-301F-11D3-BF4B-00C04F79EFBC}") = "Client", "ServiceBus\8. Shared Access Signatures\C#\Client\Client.csproj", "{DA0831E8-3878-473E-881E-3F01C296919A}"
EndProject
Project("{FAE04EC0-301F-11D3-BF4B-00C04F79EFBC}") = "BasicEventHubSample", "ServiceBus\9. Event Hubs\C#\source\BasicEventHubSample.csproj", "{389E0848-6E47-4741-892B-FA03174333BC}"
EndProject
Project("{2150E333-8FDC-42A3-9474-1A3956D46DE8}") = "Storage Queues", "Storage Queues", "{0BAE42B3-147C-469B-864C-EE4F238CDF6E}"
EndProject
Project("{9A19103F-16F7-4668-BE54-9A1E7A4F7556}") = "StorageQueueConsumer", "StorageQueueConsumer\StorageQueueConsumer.csproj", "{B7DAC384-0C7D-43CA-8099-B7BBD26CDD5D}"
EndProject
Project("{9A19103F-16F7-4668-BE54-9A1E7A4F7556}") = "StorageQueueProducer", "StorageQueueProducer\StorageQueueProducer.csproj", "{273F32CE-CF7C-4048-817B-BE3ABBD77521}"
EndProject
Project("{2150E333-8FDC-42A3-9474-1A3956D46DE8}") = "ConsistencyAndConsensus", "ConsistencyAndConsensus", "{DB7654F4-33AD-44F9-A698-BAA93A26A79D}"
EndProject
Project("{FAE04EC0-301F-11D3-BF4B-00C04F79EFBC}") = "BlobConcurrencyControl", "ConsistencyAndConsensus\BlobConcurrencyControl\BlobConcurrencyControl.csproj", "{B4532A33-E362-464E-894D-37698FDEC5F3}"
EndProject
Global
	GlobalSection(SolutionConfigurationPlatforms) = preSolution
		Debug|Any CPU = Debug|Any CPU
		Debug|AnyCPU = Debug|AnyCPU
		Release|Any CPU = Release|Any CPU
		Release|AnyCPU = Release|AnyCPU
	EndGlobalSection
	GlobalSection(ProjectConfigurationPlatforms) = postSolution
		{724DFC8C-4B57-4C3F-811C-0463BE2A2829}.Debug|Any CPU.ActiveCfg = Debug|Any CPU
		{724DFC8C-4B57-4C3F-811C-0463BE2A2829}.Debug|Any CPU.Build.0 = Debug|Any CPU
		{724DFC8C-4B57-4C3F-811C-0463BE2A2829}.Debug|AnyCPU.ActiveCfg = Debug|Any CPU
		{724DFC8C-4B57-4C3F-811C-0463BE2A2829}.Debug|AnyCPU.Build.0 = Debug|Any CPU
		{724DFC8C-4B57-4C3F-811C-0463BE2A2829}.Release|Any CPU.ActiveCfg = Release|Any CPU
		{724DFC8C-4B57-4C3F-811C-0463BE2A2829}.Release|Any CPU.Build.0 = Release|Any CPU
		{724DFC8C-4B57-4C3F-811C-0463BE2A2829}.Release|AnyCPU.ActiveCfg = Release|Any CPU
		{724DFC8C-4B57-4C3F-811C-0463BE2A2829}.Release|AnyCPU.Build.0 = Release|Any CPU
		{A7706C84-92D2-4B7A-B779-76B64D2950EC}.Debug|Any CPU.ActiveCfg = Debug|Any CPU
		{A7706C84-92D2-4B7A-B779-76B64D2950EC}.Debug|Any CPU.Build.0 = Debug|Any CPU
		{A7706C84-92D2-4B7A-B779-76B64D2950EC}.Debug|AnyCPU.ActiveCfg = Debug|Any CPU
		{A7706C84-92D2-4B7A-B779-76B64D2950EC}.Debug|AnyCPU.Build.0 = Debug|Any CPU
		{A7706C84-92D2-4B7A-B779-76B64D2950EC}.Release|Any CPU.ActiveCfg = Release|Any CPU
		{A7706C84-92D2-4B7A-B779-76B64D2950EC}.Release|Any CPU.Build.0 = Release|Any CPU
		{A7706C84-92D2-4B7A-B779-76B64D2950EC}.Release|AnyCPU.ActiveCfg = Release|Any CPU
		{A7706C84-92D2-4B7A-B779-76B64D2950EC}.Release|AnyCPU.Build.0 = Release|Any CPU
		{ACCF4597-3748-4117-8633-1CB767F8CCC3}.Debug|Any CPU.ActiveCfg = Debug|Any CPU
		{ACCF4597-3748-4117-8633-1CB767F8CCC3}.Debug|Any CPU.Build.0 = Debug|Any CPU
		{ACCF4597-3748-4117-8633-1CB767F8CCC3}.Debug|AnyCPU.ActiveCfg = Debug|Any CPU
		{ACCF4597-3748-4117-8633-1CB767F8CCC3}.Debug|AnyCPU.Build.0 = Debug|Any CPU
		{ACCF4597-3748-4117-8633-1CB767F8CCC3}.Release|Any CPU.ActiveCfg = Release|Any CPU
		{ACCF4597-3748-4117-8633-1CB767F8CCC3}.Release|Any CPU.Build.0 = Release|Any CPU
		{ACCF4597-3748-4117-8633-1CB767F8CCC3}.Release|AnyCPU.ActiveCfg = Release|Any CPU
		{ACCF4597-3748-4117-8633-1CB767F8CCC3}.Release|AnyCPU.Build.0 = Release|Any CPU
		{FF0C544B-1B53-4732-B1F5-E0A0BA602F83}.Debug|Any CPU.ActiveCfg = Debug|Any CPU
		{FF0C544B-1B53-4732-B1F5-E0A0BA602F83}.Debug|Any CPU.Build.0 = Debug|Any CPU
		{FF0C544B-1B53-4732-B1F5-E0A0BA602F83}.Debug|AnyCPU.ActiveCfg = Debug|Any CPU
		{FF0C544B-1B53-4732-B1F5-E0A0BA602F83}.Debug|AnyCPU.Build.0 = Debug|Any CPU
		{FF0C544B-1B53-4732-B1F5-E0A0BA602F83}.Release|Any CPU.ActiveCfg = Release|Any CPU
		{FF0C544B-1B53-4732-B1F5-E0A0BA602F83}.Release|Any CPU.Build.0 = Release|Any CPU
		{FF0C544B-1B53-4732-B1F5-E0A0BA602F83}.Release|AnyCPU.ActiveCfg = Release|Any CPU
		{FF0C544B-1B53-4732-B1F5-E0A0BA602F83}.Release|AnyCPU.Build.0 = Release|Any CPU
		{88AF637F-1093-4342-B802-12314986E25A}.Debug|Any CPU.ActiveCfg = Debug|Any CPU
		{88AF637F-1093-4342-B802-12314986E25A}.Debug|Any CPU.Build.0 = Debug|Any CPU
		{88AF637F-1093-4342-B802-12314986E25A}.Debug|AnyCPU.ActiveCfg = Debug|Any CPU
		{88AF637F-1093-4342-B802-12314986E25A}.Debug|AnyCPU.Build.0 = Debug|Any CPU
		{88AF637F-1093-4342-B802-12314986E25A}.Release|Any CPU.ActiveCfg = Release|Any CPU
		{88AF637F-1093-4342-B802-12314986E25A}.Release|Any CPU.Build.0 = Release|Any CPU
		{88AF637F-1093-4342-B802-12314986E25A}.Release|AnyCPU.ActiveCfg = Release|Any CPU
		{88AF637F-1093-4342-B802-12314986E25A}.Release|AnyCPU.Build.0 = Release|Any CPU
		{9451AEF6-C700-4F40-827C-89784CBC73DC}.Debug|Any CPU.ActiveCfg = Debug|Any CPU
		{9451AEF6-C700-4F40-827C-89784CBC73DC}.Debug|Any CPU.Build.0 = Debug|Any CPU
		{9451AEF6-C700-4F40-827C-89784CBC73DC}.Debug|AnyCPU.ActiveCfg = Debug|Any CPU
		{9451AEF6-C700-4F40-827C-89784CBC73DC}.Debug|AnyCPU.Build.0 = Debug|Any CPU
		{9451AEF6-C700-4F40-827C-89784CBC73DC}.Release|Any CPU.ActiveCfg = Release|Any CPU
		{9451AEF6-C700-4F40-827C-89784CBC73DC}.Release|Any CPU.Build.0 = Release|Any CPU
		{9451AEF6-C700-4F40-827C-89784CBC73DC}.Release|AnyCPU.ActiveCfg = Release|Any CPU
		{9451AEF6-C700-4F40-827C-89784CBC73DC}.Release|AnyCPU.Build.0 = Release|Any CPU
		{B09D2BF0-E78F-492D-8B0B-EF2ED2D1A2A5}.Debug|Any CPU.ActiveCfg = Debug|Any CPU
		{B09D2BF0-E78F-492D-8B0B-EF2ED2D1A2A5}.Debug|Any CPU.Build.0 = Debug|Any CPU
		{B09D2BF0-E78F-492D-8B0B-EF2ED2D1A2A5}.Debug|AnyCPU.ActiveCfg = Debug|Any CPU
		{B09D2BF0-E78F-492D-8B0B-EF2ED2D1A2A5}.Debug|AnyCPU.Build.0 = Debug|Any CPU
		{B09D2BF0-E78F-492D-8B0B-EF2ED2D1A2A5}.Release|Any CPU.ActiveCfg = Release|Any CPU
		{B09D2BF0-E78F-492D-8B0B-EF2ED2D1A2A5}.Release|Any CPU.Build.0 = Release|Any CPU
		{B09D2BF0-E78F-492D-8B0B-EF2ED2D1A2A5}.Release|AnyCPU.ActiveCfg = Release|Any CPU
		{B09D2BF0-E78F-492D-8B0B-EF2ED2D1A2A5}.Release|AnyCPU.Build.0 = Release|Any CPU
		{A13E7FDD-08C0-48C3-9594-EE63FD459548}.Debug|Any CPU.ActiveCfg = Debug|Any CPU
		{A13E7FDD-08C0-48C3-9594-EE63FD459548}.Debug|Any CPU.Build.0 = Debug|Any CPU
		{A13E7FDD-08C0-48C3-9594-EE63FD459548}.Debug|AnyCPU.ActiveCfg = Debug|Any CPU
		{A13E7FDD-08C0-48C3-9594-EE63FD459548}.Debug|AnyCPU.Build.0 = Debug|Any CPU
		{A13E7FDD-08C0-48C3-9594-EE63FD459548}.Release|Any CPU.ActiveCfg = Release|Any CPU
		{A13E7FDD-08C0-48C3-9594-EE63FD459548}.Release|Any CPU.Build.0 = Release|Any CPU
		{A13E7FDD-08C0-48C3-9594-EE63FD459548}.Release|AnyCPU.ActiveCfg = Release|Any CPU
		{A13E7FDD-08C0-48C3-9594-EE63FD459548}.Release|AnyCPU.Build.0 = Release|Any CPU
		{44DAE402-A1A9-45D7-A2AA-8331A20776D7}.Debug|Any CPU.ActiveCfg = Debug|Any CPU
		{44DAE402-A1A9-45D7-A2AA-8331A20776D7}.Debug|Any CPU.Build.0 = Debug|Any CPU
		{44DAE402-A1A9-45D7-A2AA-8331A20776D7}.Debug|AnyCPU.ActiveCfg = Debug|Any CPU
		{44DAE402-A1A9-45D7-A2AA-8331A20776D7}.Debug|AnyCPU.Build.0 = Debug|Any CPU
		{44DAE402-A1A9-45D7-A2AA-8331A20776D7}.Release|Any CPU.ActiveCfg = Release|Any CPU
		{44DAE402-A1A9-45D7-A2AA-8331A20776D7}.Release|Any CPU.Build.0 = Release|Any CPU
		{44DAE402-A1A9-45D7-A2AA-8331A20776D7}.Release|AnyCPU.ActiveCfg = Release|Any CPU
		{44DAE402-A1A9-45D7-A2AA-8331A20776D7}.Release|AnyCPU.Build.0 = Release|Any CPU
		{2F40865A-D258-4F39-BC88-61BD1EC68C91}.Debug|Any CPU.ActiveCfg = Debug|Any CPU
		{2F40865A-D258-4F39-BC88-61BD1EC68C91}.Debug|Any CPU.Build.0 = Debug|Any CPU
		{2F40865A-D258-4F39-BC88-61BD1EC68C91}.Debug|AnyCPU.ActiveCfg = Debug|Any CPU
		{2F40865A-D258-4F39-BC88-61BD1EC68C91}.Debug|AnyCPU.Build.0 = Debug|Any CPU
		{2F40865A-D258-4F39-BC88-61BD1EC68C91}.Release|Any CPU.ActiveCfg = Release|Any CPU
		{2F40865A-D258-4F39-BC88-61BD1EC68C91}.Release|Any CPU.Build.0 = Release|Any CPU
		{2F40865A-D258-4F39-BC88-61BD1EC68C91}.Release|AnyCPU.ActiveCfg = Release|Any CPU
		{2F40865A-D258-4F39-BC88-61BD1EC68C91}.Release|AnyCPU.Build.0 = Release|Any CPU
		{35B30201-BC7D-4B97-AAF3-4F9EE5BEEB2D}.Debug|Any CPU.ActiveCfg = Debug|Any CPU
		{35B30201-BC7D-4B97-AAF3-4F9EE5BEEB2D}.Debug|Any CPU.Build.0 = Debug|Any CPU
		{35B30201-BC7D-4B97-AAF3-4F9EE5BEEB2D}.Debug|AnyCPU.ActiveCfg = Debug|Any CPU
		{35B30201-BC7D-4B97-AAF3-4F9EE5BEEB2D}.Debug|AnyCPU.Build.0 = Debug|Any CPU
		{35B30201-BC7D-4B97-AAF3-4F9EE5BEEB2D}.Release|Any CPU.ActiveCfg = Release|Any CPU
		{35B30201-BC7D-4B97-AAF3-4F9EE5BEEB2D}.Release|Any CPU.Build.0 = Release|Any CPU
		{35B30201-BC7D-4B97-AAF3-4F9EE5BEEB2D}.Release|AnyCPU.ActiveCfg = Release|Any CPU
		{35B30201-BC7D-4B97-AAF3-4F9EE5BEEB2D}.Release|AnyCPU.Build.0 = Release|Any CPU
		{A185AFFD-7430-422B-A096-61C107E32037}.Debug|Any CPU.ActiveCfg = Debug|Any CPU
		{A185AFFD-7430-422B-A096-61C107E32037}.Debug|Any CPU.Build.0 = Debug|Any CPU
		{A185AFFD-7430-422B-A096-61C107E32037}.Debug|AnyCPU.ActiveCfg = Debug|Any CPU
		{A185AFFD-7430-422B-A096-61C107E32037}.Debug|AnyCPU.Build.0 = Debug|Any CPU
		{A185AFFD-7430-422B-A096-61C107E32037}.Release|Any CPU.ActiveCfg = Release|Any CPU
		{A185AFFD-7430-422B-A096-61C107E32037}.Release|Any CPU.Build.0 = Release|Any CPU
		{A185AFFD-7430-422B-A096-61C107E32037}.Release|AnyCPU.ActiveCfg = Release|Any CPU
		{A185AFFD-7430-422B-A096-61C107E32037}.Release|AnyCPU.Build.0 = Release|Any CPU
		{46CAB4FC-A0CF-4565-8D96-440F10AACA4B}.Debug|Any CPU.ActiveCfg = Debug|Any CPU
		{46CAB4FC-A0CF-4565-8D96-440F10AACA4B}.Debug|Any CPU.Build.0 = Debug|Any CPU
		{46CAB4FC-A0CF-4565-8D96-440F10AACA4B}.Debug|AnyCPU.ActiveCfg = Debug|Any CPU
		{46CAB4FC-A0CF-4565-8D96-440F10AACA4B}.Debug|AnyCPU.Build.0 = Debug|Any CPU
		{46CAB4FC-A0CF-4565-8D96-440F10AACA4B}.Release|Any CPU.ActiveCfg = Release|Any CPU
		{46CAB4FC-A0CF-4565-8D96-440F10AACA4B}.Release|Any CPU.Build.0 = Release|Any CPU
		{46CAB4FC-A0CF-4565-8D96-440F10AACA4B}.Release|AnyCPU.ActiveCfg = Release|Any CPU
		{46CAB4FC-A0CF-4565-8D96-440F10AACA4B}.Release|AnyCPU.Build.0 = Release|Any CPU
		{9E99A253-025F-4BBB-8F65-FC1E444148C8}.Debug|Any CPU.ActiveCfg = Debug|Any CPU
		{9E99A253-025F-4BBB-8F65-FC1E444148C8}.Debug|Any CPU.Build.0 = Debug|Any CPU
		{9E99A253-025F-4BBB-8F65-FC1E444148C8}.Debug|AnyCPU.ActiveCfg = Debug|Any CPU
		{9E99A253-025F-4BBB-8F65-FC1E444148C8}.Debug|AnyCPU.Build.0 = Debug|Any CPU
		{9E99A253-025F-4BBB-8F65-FC1E444148C8}.Release|Any CPU.ActiveCfg = Release|Any CPU
		{9E99A253-025F-4BBB-8F65-FC1E444148C8}.Release|Any CPU.Build.0 = Release|Any CPU
		{9E99A253-025F-4BBB-8F65-FC1E444148C8}.Release|AnyCPU.ActiveCfg = Release|Any CPU
		{9E99A253-025F-4BBB-8F65-FC1E444148C8}.Release|AnyCPU.Build.0 = Release|Any CPU
		{F68BE46B-D368-48E6-8637-D9D166169CAD}.Debug|Any CPU.ActiveCfg = Debug|Any CPU
		{F68BE46B-D368-48E6-8637-D9D166169CAD}.Debug|Any CPU.Build.0 = Debug|Any CPU
		{F68BE46B-D368-48E6-8637-D9D166169CAD}.Debug|AnyCPU.ActiveCfg = Debug|Any CPU
		{F68BE46B-D368-48E6-8637-D9D166169CAD}.Debug|AnyCPU.Build.0 = Debug|Any CPU
		{F68BE46B-D368-48E6-8637-D9D166169CAD}.Release|Any CPU.ActiveCfg = Release|Any CPU
		{F68BE46B-D368-48E6-8637-D9D166169CAD}.Release|Any CPU.Build.0 = Release|Any CPU
		{F68BE46B-D368-48E6-8637-D9D166169CAD}.Release|AnyCPU.ActiveCfg = Release|Any CPU
		{F68BE46B-D368-48E6-8637-D9D166169CAD}.Release|AnyCPU.Build.0 = Release|Any CPU
		{247F0154-3F6B-409B-BEBA-1BF9302D3B9E}.Debug|Any CPU.ActiveCfg = Debug|Any CPU
		{247F0154-3F6B-409B-BEBA-1BF9302D3B9E}.Debug|Any CPU.Build.0 = Debug|Any CPU
		{247F0154-3F6B-409B-BEBA-1BF9302D3B9E}.Debug|AnyCPU.ActiveCfg = Debug|Any CPU
		{247F0154-3F6B-409B-BEBA-1BF9302D3B9E}.Debug|AnyCPU.Build.0 = Debug|Any CPU
		{247F0154-3F6B-409B-BEBA-1BF9302D3B9E}.Release|Any CPU.ActiveCfg = Release|Any CPU
		{247F0154-3F6B-409B-BEBA-1BF9302D3B9E}.Release|Any CPU.Build.0 = Release|Any CPU
		{247F0154-3F6B-409B-BEBA-1BF9302D3B9E}.Release|AnyCPU.ActiveCfg = Release|Any CPU
		{247F0154-3F6B-409B-BEBA-1BF9302D3B9E}.Release|AnyCPU.Build.0 = Release|Any CPU
		{9F78C49A-31BF-48C1-9A51-046C1D068F81}.Debug|Any CPU.ActiveCfg = Debug|Any CPU
		{9F78C49A-31BF-48C1-9A51-046C1D068F81}.Debug|Any CPU.Build.0 = Debug|Any CPU
		{9F78C49A-31BF-48C1-9A51-046C1D068F81}.Debug|AnyCPU.ActiveCfg = Debug|Any CPU
		{9F78C49A-31BF-48C1-9A51-046C1D068F81}.Debug|AnyCPU.Build.0 = Debug|Any CPU
		{9F78C49A-31BF-48C1-9A51-046C1D068F81}.Release|Any CPU.ActiveCfg = Release|Any CPU
		{9F78C49A-31BF-48C1-9A51-046C1D068F81}.Release|Any CPU.Build.0 = Release|Any CPU
		{9F78C49A-31BF-48C1-9A51-046C1D068F81}.Release|AnyCPU.ActiveCfg = Release|Any CPU
		{9F78C49A-31BF-48C1-9A51-046C1D068F81}.Release|AnyCPU.Build.0 = Release|Any CPU
		{AE7AF0E7-5365-446E-A7ED-7C2DB65760FF}.Debug|Any CPU.ActiveCfg = Debug|Any CPU
		{AE7AF0E7-5365-446E-A7ED-7C2DB65760FF}.Debug|Any CPU.Build.0 = Debug|Any CPU
		{AE7AF0E7-5365-446E-A7ED-7C2DB65760FF}.Debug|AnyCPU.ActiveCfg = Debug|Any CPU
		{AE7AF0E7-5365-446E-A7ED-7C2DB65760FF}.Debug|AnyCPU.Build.0 = Debug|Any CPU
		{AE7AF0E7-5365-446E-A7ED-7C2DB65760FF}.Release|Any CPU.ActiveCfg = Release|Any CPU
		{AE7AF0E7-5365-446E-A7ED-7C2DB65760FF}.Release|Any CPU.Build.0 = Release|Any CPU
		{AE7AF0E7-5365-446E-A7ED-7C2DB65760FF}.Release|AnyCPU.ActiveCfg = Release|Any CPU
		{AE7AF0E7-5365-446E-A7ED-7C2DB65760FF}.Release|AnyCPU.Build.0 = Release|Any CPU
		{0EDDCDEF-FAFD-41ED-B134-A09BB5091A27}.Debug|Any CPU.ActiveCfg = Debug|Any CPU
		{0EDDCDEF-FAFD-41ED-B134-A09BB5091A27}.Debug|Any CPU.Build.0 = Debug|Any CPU
		{0EDDCDEF-FAFD-41ED-B134-A09BB5091A27}.Debug|AnyCPU.ActiveCfg = Debug|Any CPU
		{0EDDCDEF-FAFD-41ED-B134-A09BB5091A27}.Debug|AnyCPU.Build.0 = Debug|Any CPU
		{0EDDCDEF-FAFD-41ED-B134-A09BB5091A27}.Release|Any CPU.ActiveCfg = Release|Any CPU
		{0EDDCDEF-FAFD-41ED-B134-A09BB5091A27}.Release|Any CPU.Build.0 = Release|Any CPU
		{0EDDCDEF-FAFD-41ED-B134-A09BB5091A27}.Release|AnyCPU.ActiveCfg = Release|Any CPU
		{0EDDCDEF-FAFD-41ED-B134-A09BB5091A27}.Release|AnyCPU.Build.0 = Release|Any CPU
		{27CF1BE6-0280-46F8-BB19-BC7147E02B6A}.Debug|Any CPU.ActiveCfg = Debug|Any CPU
		{27CF1BE6-0280-46F8-BB19-BC7147E02B6A}.Debug|Any CPU.Build.0 = Debug|Any CPU
		{27CF1BE6-0280-46F8-BB19-BC7147E02B6A}.Debug|AnyCPU.ActiveCfg = Debug|Any CPU
		{27CF1BE6-0280-46F8-BB19-BC7147E02B6A}.Debug|AnyCPU.Build.0 = Debug|Any CPU
		{27CF1BE6-0280-46F8-BB19-BC7147E02B6A}.Release|Any CPU.ActiveCfg = Release|Any CPU
		{27CF1BE6-0280-46F8-BB19-BC7147E02B6A}.Release|Any CPU.Build.0 = Release|Any CPU
		{27CF1BE6-0280-46F8-BB19-BC7147E02B6A}.Release|AnyCPU.ActiveCfg = Release|Any CPU
		{27CF1BE6-0280-46F8-BB19-BC7147E02B6A}.Release|AnyCPU.Build.0 = Release|Any CPU
		{3BFACE4B-B4A5-42FC-A029-62F42B3B82B8}.Debug|Any CPU.ActiveCfg = Debug|Any CPU
		{3BFACE4B-B4A5-42FC-A029-62F42B3B82B8}.Debug|Any CPU.Build.0 = Debug|Any CPU
		{3BFACE4B-B4A5-42FC-A029-62F42B3B82B8}.Debug|AnyCPU.ActiveCfg = Debug|Any CPU
		{3BFACE4B-B4A5-42FC-A029-62F42B3B82B8}.Debug|AnyCPU.Build.0 = Debug|Any CPU
		{3BFACE4B-B4A5-42FC-A029-62F42B3B82B8}.Release|Any CPU.ActiveCfg = Release|Any CPU
		{3BFACE4B-B4A5-42FC-A029-62F42B3B82B8}.Release|Any CPU.Build.0 = Release|Any CPU
		{3BFACE4B-B4A5-42FC-A029-62F42B3B82B8}.Release|AnyCPU.ActiveCfg = Release|Any CPU
		{3BFACE4B-B4A5-42FC-A029-62F42B3B82B8}.Release|AnyCPU.Build.0 = Release|Any CPU
		{C0705BFD-2855-4753-83FA-0CB17C3AE5E6}.Debug|Any CPU.ActiveCfg = Debug|Any CPU
		{C0705BFD-2855-4753-83FA-0CB17C3AE5E6}.Debug|Any CPU.Build.0 = Debug|Any CPU
		{C0705BFD-2855-4753-83FA-0CB17C3AE5E6}.Debug|AnyCPU.ActiveCfg = Debug|Any CPU
		{C0705BFD-2855-4753-83FA-0CB17C3AE5E6}.Debug|AnyCPU.Build.0 = Debug|Any CPU
		{C0705BFD-2855-4753-83FA-0CB17C3AE5E6}.Release|Any CPU.ActiveCfg = Release|Any CPU
		{C0705BFD-2855-4753-83FA-0CB17C3AE5E6}.Release|Any CPU.Build.0 = Release|Any CPU
		{C0705BFD-2855-4753-83FA-0CB17C3AE5E6}.Release|AnyCPU.ActiveCfg = Release|Any CPU
		{C0705BFD-2855-4753-83FA-0CB17C3AE5E6}.Release|AnyCPU.Build.0 = Release|Any CPU
		{9A59D775-B108-47B6-826A-584EFFED29BA}.Debug|Any CPU.ActiveCfg = Debug|Any CPU
		{9A59D775-B108-47B6-826A-584EFFED29BA}.Debug|Any CPU.Build.0 = Debug|Any CPU
		{9A59D775-B108-47B6-826A-584EFFED29BA}.Debug|AnyCPU.ActiveCfg = Debug|Any CPU
		{9A59D775-B108-47B6-826A-584EFFED29BA}.Debug|AnyCPU.Build.0 = Debug|Any CPU
		{9A59D775-B108-47B6-826A-584EFFED29BA}.Release|Any CPU.ActiveCfg = Debug|Any CPU
		{9A59D775-B108-47B6-826A-584EFFED29BA}.Release|Any CPU.Build.0 = Debug|Any CPU
		{9A59D775-B108-47B6-826A-584EFFED29BA}.Release|AnyCPU.ActiveCfg = Debug|Any CPU
		{9A59D775-B108-47B6-826A-584EFFED29BA}.Release|AnyCPU.Build.0 = Debug|Any CPU
		{6A6D175D-22D8-4AF7-9311-EA029FF2A73F}.Debug|Any CPU.ActiveCfg = Debug|Any CPU
		{6A6D175D-22D8-4AF7-9311-EA029FF2A73F}.Debug|Any CPU.Build.0 = Debug|Any CPU
		{6A6D175D-22D8-4AF7-9311-EA029FF2A73F}.Debug|AnyCPU.ActiveCfg = Debug|Any CPU
		{6A6D175D-22D8-4AF7-9311-EA029FF2A73F}.Debug|AnyCPU.Build.0 = Debug|Any CPU
		{6A6D175D-22D8-4AF7-9311-EA029FF2A73F}.Release|Any CPU.ActiveCfg = Debug|Any CPU
		{6A6D175D-22D8-4AF7-9311-EA029FF2A73F}.Release|Any CPU.Build.0 = Debug|Any CPU
		{6A6D175D-22D8-4AF7-9311-EA029FF2A73F}.Release|AnyCPU.ActiveCfg = Debug|Any CPU
		{6A6D175D-22D8-4AF7-9311-EA029FF2A73F}.Release|AnyCPU.Build.0 = Debug|Any CPU
		{1D24A8EE-B221-48DF-B494-37AEDCF411E0}.Debug|Any CPU.ActiveCfg = Debug|Any CPU
		{1D24A8EE-B221-48DF-B494-37AEDCF411E0}.Debug|Any CPU.Build.0 = Debug|Any CPU
		{1D24A8EE-B221-48DF-B494-37AEDCF411E0}.Debug|AnyCPU.ActiveCfg = Debug|Any CPU
		{1D24A8EE-B221-48DF-B494-37AEDCF411E0}.Debug|AnyCPU.Build.0 = Debug|Any CPU
		{1D24A8EE-B221-48DF-B494-37AEDCF411E0}.Release|Any CPU.ActiveCfg = Debug|Any CPU
		{1D24A8EE-B221-48DF-B494-37AEDCF411E0}.Release|Any CPU.Build.0 = Debug|Any CPU
		{1D24A8EE-B221-48DF-B494-37AEDCF411E0}.Release|AnyCPU.ActiveCfg = Debug|Any CPU
		{1D24A8EE-B221-48DF-B494-37AEDCF411E0}.Release|AnyCPU.Build.0 = Debug|Any CPU
		{636A3ADE-4A42-460D-84EC-F7BD1A24A042}.Debug|Any CPU.ActiveCfg = Debug|Any CPU
		{636A3ADE-4A42-460D-84EC-F7BD1A24A042}.Debug|Any CPU.Build.0 = Debug|Any CPU
		{636A3ADE-4A42-460D-84EC-F7BD1A24A042}.Debug|AnyCPU.ActiveCfg = Debug|Any CPU
		{636A3ADE-4A42-460D-84EC-F7BD1A24A042}.Debug|AnyCPU.Build.0 = Debug|Any CPU
		{636A3ADE-4A42-460D-84EC-F7BD1A24A042}.Release|Any CPU.ActiveCfg = Debug|Any CPU
		{636A3ADE-4A42-460D-84EC-F7BD1A24A042}.Release|Any CPU.Build.0 = Debug|Any CPU
		{636A3ADE-4A42-460D-84EC-F7BD1A24A042}.Release|AnyCPU.ActiveCfg = Debug|Any CPU
		{636A3ADE-4A42-460D-84EC-F7BD1A24A042}.Release|AnyCPU.Build.0 = Debug|Any CPU
		{A79D70C8-F98F-4A6A-A8CC-E2802BD60E06}.Debug|Any CPU.ActiveCfg = Debug|Any CPU
		{A79D70C8-F98F-4A6A-A8CC-E2802BD60E06}.Debug|Any CPU.Build.0 = Debug|Any CPU
		{A79D70C8-F98F-4A6A-A8CC-E2802BD60E06}.Debug|AnyCPU.ActiveCfg = Debug|Any CPU
		{A79D70C8-F98F-4A6A-A8CC-E2802BD60E06}.Debug|AnyCPU.Build.0 = Debug|Any CPU
		{A79D70C8-F98F-4A6A-A8CC-E2802BD60E06}.Release|Any CPU.ActiveCfg = Release|Any CPU
		{A79D70C8-F98F-4A6A-A8CC-E2802BD60E06}.Release|Any CPU.Build.0 = Release|Any CPU
		{A79D70C8-F98F-4A6A-A8CC-E2802BD60E06}.Release|AnyCPU.ActiveCfg = Release|Any CPU
		{A79D70C8-F98F-4A6A-A8CC-E2802BD60E06}.Release|AnyCPU.Build.0 = Release|Any CPU
		{DA0831E8-3878-473E-881E-3F01C296919A}.Debug|Any CPU.ActiveCfg = Debug|Any CPU
		{DA0831E8-3878-473E-881E-3F01C296919A}.Debug|Any CPU.Build.0 = Debug|Any CPU
		{DA0831E8-3878-473E-881E-3F01C296919A}.Debug|AnyCPU.ActiveCfg = Debug|Any CPU
		{DA0831E8-3878-473E-881E-3F01C296919A}.Debug|AnyCPU.Build.0 = Debug|Any CPU
		{DA0831E8-3878-473E-881E-3F01C296919A}.Release|Any CPU.ActiveCfg = Release|Any CPU
		{DA0831E8-3878-473E-881E-3F01C296919A}.Release|Any CPU.Build.0 = Release|Any CPU
		{DA0831E8-3878-473E-881E-3F01C296919A}.Release|AnyCPU.ActiveCfg = Release|Any CPU
		{DA0831E8-3878-473E-881E-3F01C296919A}.Release|AnyCPU.Build.0 = Release|Any CPU
		{389E0848-6E47-4741-892B-FA03174333BC}.Debug|Any CPU.ActiveCfg = Debug|Any CPU
		{389E0848-6E47-4741-892B-FA03174333BC}.Debug|Any CPU.Build.0 = Debug|Any CPU
		{389E0848-6E47-4741-892B-FA03174333BC}.Debug|AnyCPU.ActiveCfg = Debug|Any CPU
		{389E0848-6E47-4741-892B-FA03174333BC}.Debug|AnyCPU.Build.0 = Debug|Any CPU
		{389E0848-6E47-4741-892B-FA03174333BC}.Release|Any CPU.ActiveCfg = Debug|Any CPU
		{389E0848-6E47-4741-892B-FA03174333BC}.Release|Any CPU.Build.0 = Debug|Any CPU
		{389E0848-6E47-4741-892B-FA03174333BC}.Release|AnyCPU.ActiveCfg = Debug|Any CPU
		{389E0848-6E47-4741-892B-FA03174333BC}.Release|AnyCPU.Build.0 = Debug|Any CPU
		{B7DAC384-0C7D-43CA-8099-B7BBD26CDD5D}.Debug|Any CPU.ActiveCfg = Debug|Any CPU
		{B7DAC384-0C7D-43CA-8099-B7BBD26CDD5D}.Debug|Any CPU.Build.0 = Debug|Any CPU
		{B7DAC384-0C7D-43CA-8099-B7BBD26CDD5D}.Debug|AnyCPU.ActiveCfg = Debug|Any CPU
		{B7DAC384-0C7D-43CA-8099-B7BBD26CDD5D}.Debug|AnyCPU.Build.0 = Debug|Any CPU
		{B7DAC384-0C7D-43CA-8099-B7BBD26CDD5D}.Release|Any CPU.ActiveCfg = Release|Any CPU
		{B7DAC384-0C7D-43CA-8099-B7BBD26CDD5D}.Release|Any CPU.Build.0 = Release|Any CPU
		{B7DAC384-0C7D-43CA-8099-B7BBD26CDD5D}.Release|AnyCPU.ActiveCfg = Release|Any CPU
		{B7DAC384-0C7D-43CA-8099-B7BBD26CDD5D}.Release|AnyCPU.Build.0 = Release|Any CPU
		{273F32CE-CF7C-4048-817B-BE3ABBD77521}.Debug|Any CPU.ActiveCfg = Debug|Any CPU
		{273F32CE-CF7C-4048-817B-BE3ABBD77521}.Debug|Any CPU.Build.0 = Debug|Any CPU
		{273F32CE-CF7C-4048-817B-BE3ABBD77521}.Debug|AnyCPU.ActiveCfg = Debug|Any CPU
		{273F32CE-CF7C-4048-817B-BE3ABBD77521}.Debug|AnyCPU.Build.0 = Debug|Any CPU
		{273F32CE-CF7C-4048-817B-BE3ABBD77521}.Release|Any CPU.ActiveCfg = Release|Any CPU
		{273F32CE-CF7C-4048-817B-BE3ABBD77521}.Release|Any CPU.Build.0 = Release|Any CPU
		{273F32CE-CF7C-4048-817B-BE3ABBD77521}.Release|AnyCPU.ActiveCfg = Release|Any CPU
		{273F32CE-CF7C-4048-817B-BE3ABBD77521}.Release|AnyCPU.Build.0 = Release|Any CPU
		{B4532A33-E362-464E-894D-37698FDEC5F3}.Debug|Any CPU.ActiveCfg = Debug|Any CPU
		{B4532A33-E362-464E-894D-37698FDEC5F3}.Debug|Any CPU.Build.0 = Debug|Any CPU
		{B4532A33-E362-464E-894D-37698FDEC5F3}.Debug|AnyCPU.ActiveCfg = Debug|Any CPU
		{B4532A33-E362-464E-894D-37698FDEC5F3}.Debug|AnyCPU.Build.0 = Debug|Any CPU
		{B4532A33-E362-464E-894D-37698FDEC5F3}.Release|Any CPU.ActiveCfg = Release|Any CPU
		{B4532A33-E362-464E-894D-37698FDEC5F3}.Release|Any CPU.Build.0 = Release|Any CPU
		{B4532A33-E362-464E-894D-37698FDEC5F3}.Release|AnyCPU.ActiveCfg = Release|Any CPU
		{B4532A33-E362-464E-894D-37698FDEC5F3}.Release|AnyCPU.Build.0 = Release|Any CPU
	EndGlobalSection
	GlobalSection(SolutionProperties) = preSolution
		HideSolutionNode = FALSE
	EndGlobalSection
	GlobalSection(NestedProjects) = preSolution
		{4411C32D-934C-4482-9B66-2A5DA4CD9F82} = {8BB037B8-E567-4C75-9A2F-5B4DE3AD212C}
		{05474462-A6CE-4E1F-A191-80895D63CFC4} = {4411C32D-934C-4482-9B66-2A5DA4CD9F82}
		{724DFC8C-4B57-4C3F-811C-0463BE2A2829} = {05474462-A6CE-4E1F-A191-80895D63CFC4}
		{A7706C84-92D2-4B7A-B779-76B64D2950EC} = {05474462-A6CE-4E1F-A191-80895D63CFC4}
		{ACCF4597-3748-4117-8633-1CB767F8CCC3} = {05474462-A6CE-4E1F-A191-80895D63CFC4}
		{10426D9A-1A4C-4D71-9BE1-1FE084968CD6} = {4411C32D-934C-4482-9B66-2A5DA4CD9F82}
		{FF0C544B-1B53-4732-B1F5-E0A0BA602F83} = {10426D9A-1A4C-4D71-9BE1-1FE084968CD6}
		{7C9A23D2-A331-4858-B6D2-DE7C8C6FBF5E} = {8BB037B8-E567-4C75-9A2F-5B4DE3AD212C}
		{88AF637F-1093-4342-B802-12314986E25A} = {7C9A23D2-A331-4858-B6D2-DE7C8C6FBF5E}
		{9451AEF6-C700-4F40-827C-89784CBC73DC} = {7C9A23D2-A331-4858-B6D2-DE7C8C6FBF5E}
		{C7EF878E-5D01-4409-9BF2-24FD09FD87AC} = {8BB037B8-E567-4C75-9A2F-5B4DE3AD212C}
		{B09D2BF0-E78F-492D-8B0B-EF2ED2D1A2A5} = {4E41B66F-E759-46E7-9F52-B7EBCD93FF21}
		{4E41B66F-E759-46E7-9F52-B7EBCD93FF21} = {C7EF878E-5D01-4409-9BF2-24FD09FD87AC}
		{A13E7FDD-08C0-48C3-9594-EE63FD459548} = {4E41B66F-E759-46E7-9F52-B7EBCD93FF21}
		{44DAE402-A1A9-45D7-A2AA-8331A20776D7} = {4E41B66F-E759-46E7-9F52-B7EBCD93FF21}
		{B21CFC4A-E871-4EC0-AE3D-FC2847F61953} = {C7EF878E-5D01-4409-9BF2-24FD09FD87AC}
		{2F40865A-D258-4F39-BC88-61BD1EC68C91} = {B21CFC4A-E871-4EC0-AE3D-FC2847F61953}
		{35B30201-BC7D-4B97-AAF3-4F9EE5BEEB2D} = {B21CFC4A-E871-4EC0-AE3D-FC2847F61953}
		{92A00998-2A9D-46DF-96DD-44970855A3CE} = {8BB037B8-E567-4C75-9A2F-5B4DE3AD212C}
		{A185AFFD-7430-422B-A096-61C107E32037} = {92A00998-2A9D-46DF-96DD-44970855A3CE}
		{46CAB4FC-A0CF-4565-8D96-440F10AACA4B} = {92A00998-2A9D-46DF-96DD-44970855A3CE}
		{9E99A253-025F-4BBB-8F65-FC1E444148C8} = {92A00998-2A9D-46DF-96DD-44970855A3CE}
		{F68BE46B-D368-48E6-8637-D9D166169CAD} = {92A00998-2A9D-46DF-96DD-44970855A3CE}
		{D832FCD0-FCF9-4973-83A5-4F4286E09093} = {C7EF878E-5D01-4409-9BF2-24FD09FD87AC}
		{0BB1FD10-575F-4501-AF1F-731A49801E55} = {D832FCD0-FCF9-4973-83A5-4F4286E09093}
		{66347BC9-49A3-48A8-A95E-F8501C6260B1} = {D832FCD0-FCF9-4973-83A5-4F4286E09093}
		{3816253E-8D1C-45A4-B6AD-951AC54BA538} = {D832FCD0-FCF9-4973-83A5-4F4286E09093}
		{0A2CF3BC-F054-4B77-A51E-AAD46A7BCCD6} = {D832FCD0-FCF9-4973-83A5-4F4286E09093}
		{1AD69146-285C-40CD-9FBE-3B4D618A2334} = {D832FCD0-FCF9-4973-83A5-4F4286E09093}
		{5BA3EAA0-7122-4A51-B25F-A8605DEF6ABA} = {D832FCD0-FCF9-4973-83A5-4F4286E09093}
		{E12812A0-7DE7-4D20-93FB-3F7CCE613AAE} = {D832FCD0-FCF9-4973-83A5-4F4286E09093}
		{50FDCE02-0B55-47F9-BF77-0AB4A2821D41} = {D832FCD0-FCF9-4973-83A5-4F4286E09093}
		{40514749-A2DD-4227-AF32-200FC5998B94} = {DB7654F4-33AD-44F9-A698-BAA93A26A79D}
		{247F0154-3F6B-409B-BEBA-1BF9302D3B9E} = {0BB1FD10-575F-4501-AF1F-731A49801E55}
		{9F78C49A-31BF-48C1-9A51-046C1D068F81} = {66347BC9-49A3-48A8-A95E-F8501C6260B1}
		{AE7AF0E7-5365-446E-A7ED-7C2DB65760FF} = {66347BC9-49A3-48A8-A95E-F8501C6260B1}
		{573F060F-20A2-4D2A-95DD-0CF86DEBA9F3} = {D832FCD0-FCF9-4973-83A5-4F4286E09093}
		{0EDDCDEF-FAFD-41ED-B134-A09BB5091A27} = {3816253E-8D1C-45A4-B6AD-951AC54BA538}
		{27CF1BE6-0280-46F8-BB19-BC7147E02B6A} = {0A2CF3BC-F054-4B77-A51E-AAD46A7BCCD6}
		{3BFACE4B-B4A5-42FC-A029-62F42B3B82B8} = {0A2CF3BC-F054-4B77-A51E-AAD46A7BCCD6}
		{C0705BFD-2855-4753-83FA-0CB17C3AE5E6} = {1AD69146-285C-40CD-9FBE-3B4D618A2334}
		{9A59D775-B108-47B6-826A-584EFFED29BA} = {5BA3EAA0-7122-4A51-B25F-A8605DEF6ABA}
		{6A6D175D-22D8-4AF7-9311-EA029FF2A73F} = {5BA3EAA0-7122-4A51-B25F-A8605DEF6ABA}
		{1D24A8EE-B221-48DF-B494-37AEDCF411E0} = {5BA3EAA0-7122-4A51-B25F-A8605DEF6ABA}
		{636A3ADE-4A42-460D-84EC-F7BD1A24A042} = {E12812A0-7DE7-4D20-93FB-3F7CCE613AAE}
		{A79D70C8-F98F-4A6A-A8CC-E2802BD60E06} = {50FDCE02-0B55-47F9-BF77-0AB4A2821D41}
		{DA0831E8-3878-473E-881E-3F01C296919A} = {50FDCE02-0B55-47F9-BF77-0AB4A2821D41}
		{389E0848-6E47-4741-892B-FA03174333BC} = {40514749-A2DD-4227-AF32-200FC5998B94}
		{0BAE42B3-147C-469B-864C-EE4F238CDF6E} = {C7EF878E-5D01-4409-9BF2-24FD09FD87AC}
		{B7DAC384-0C7D-43CA-8099-B7BBD26CDD5D} = {0BAE42B3-147C-469B-864C-EE4F238CDF6E}
		{273F32CE-CF7C-4048-817B-BE3ABBD77521} = {0BAE42B3-147C-469B-864C-EE4F238CDF6E}
		{B4532A33-E362-464E-894D-37698FDEC5F3} = {DB7654F4-33AD-44F9-A698-BAA93A26A79D}
	EndGlobalSection
	GlobalSection(ExtensibilityGlobals) = postSolution
		SolutionGuid = {D3735870-EF7F-4BFF-AA97-667338FDCC20}
	EndGlobalSection
	GlobalSection(MonoDevelopProperties) = preSolution
		StartupItem = Greeter\Greeter.csproj
	EndGlobalSection
EndGlobal
